<?xml version="1.0" encoding="utf-8"?>
<Project ToolsVersion="4.0" xmlns="http://schemas.microsoft.com/developer/msbuild/2003">
  <ItemGroup>
    <Filter Include="src">
      <UniqueIdentifier>{2DAB880B-99B4-887C-2230-9F7C8E38947C}</UniqueIdentifier>
    </Filter>
    <Filter Include="src\UGE">
      <UniqueIdentifier>{7DB22FA9-E991-AE44-F2A9-391B5E0815A6}</UniqueIdentifier>
    </Filter>
    <Filter Include="src\UGE\events">
      <UniqueIdentifier>{E12393D6-CDF1-86DC-B685-F702A2F26241}</UniqueIdentifier>
    </Filter>
    <Filter Include="src\platform">
      <UniqueIdentifier>{41663D6D-2DC9-CC11-D64E-05C8C2909894}</UniqueIdentifier>
    </Filter>
    <Filter Include="src\platform\windows">
      <UniqueIdentifier>{9B5931A8-87E8-BA71-3007-CF6C1C75CB17}</UniqueIdentifier>
    </Filter>
    <Filter Include="vendor">
      <UniqueIdentifier>{B3738122-9F15-ACF8-88D0-BF4C74113349}</UniqueIdentifier>
    </Filter>
    <Filter Include="vendor\spdlog">
      <UniqueIdentifier>{8BBC5F22-F77C-DB58-C0B7-24D62C372035}</UniqueIdentifier>
    </Filter>
    <Filter Include="vendor\spdlog\include">
      <UniqueIdentifier>{FE3E7AAE-6AAB-35A9-339F-CD069FCA5711}</UniqueIdentifier>
    </Filter>
    <Filter Include="vendor\spdlog\include\spdlog">
      <UniqueIdentifier>{76856FF2-6240-5F9E-0BF8-D7E8F791A92E}</UniqueIdentifier>
    </Filter>
    <Filter Include="vendor\spdlog\include\spdlog\contrib">
      <UniqueIdentifier>{76E35079-62CA-1271-0B1B-798EF7E08BD7}</UniqueIdentifier>
    </Filter>
    <Filter Include="vendor\spdlog\include\spdlog\contrib\sinks">
      <UniqueIdentifier>{6D11860A-5979-4CD8-C2E4-60EEAE6B63C4}</UniqueIdentifier>
    </Filter>
    <Filter Include="vendor\spdlog\include\spdlog\details">
      <UniqueIdentifier>{EB8B59AF-D772-1BA7-80C3-81C46C89940D}</UniqueIdentifier>
    </Filter>
    <Filter Include="vendor\spdlog\include\spdlog\fmt">
      <UniqueIdentifier>{ACD61C01-9827-0843-C18B-F604AD3B9BAC}</UniqueIdentifier>
    </Filter>
    <Filter Include="vendor\spdlog\include\spdlog\fmt\bundled">
      <UniqueIdentifier>{99E1FA97-855E-EEDA-AEDB-EEEE9AB78A6E}</UniqueIdentifier>
    </Filter>
    <Filter Include="vendor\spdlog\include\spdlog\sinks">
      <UniqueIdentifier>{6D3396BC-596F-9926-C281-B11DAEDC4141}</UniqueIdentifier>
    </Filter>
  </ItemGroup>
  <ItemGroup>
    <ClInclude Include="src\UGE.h">
      <Filter>src</Filter>
    </ClInclude>
    <ClInclude Include="src\UGE\Application.h">
      <Filter>src\UGE</Filter>
    </ClInclude>
    <ClInclude Include="src\UGE\BaseWindow.h">
      <Filter>src\UGE</Filter>
    </ClInclude>
    <ClInclude Include="src\UGE\Core.h">
      <Filter>src\UGE</Filter>
    </ClInclude>
    <ClInclude Include="src\UGE\EntryPoint.h">
      <Filter>src\UGE</Filter>
    </ClInclude>
    <ClInclude Include="src\UGE\Log.h">
      <Filter>src\UGE</Filter>
    </ClInclude>
    <ClInclude Include="src\UGE\events\ApplicationEvents.h">
      <Filter>src\UGE\events</Filter>
    </ClInclude>
    <ClInclude Include="src\UGE\events\Event.h">
      <Filter>src\UGE\events</Filter>
    </ClInclude>
    <ClInclude Include="src\UGE\events\KeyEvents.h">
      <Filter>src\UGE\events</Filter>
    </ClInclude>
    <ClInclude Include="src\UGE\events\MouseEvents.h">
      <Filter>src\UGE\events</Filter>
    </ClInclude>
    <ClInclude Include="src\UGE\events\WindowEvents.h">
      <Filter>src\UGE\events</Filter>
    </ClInclude>
    <ClInclude Include="src\UGE\events\evt_Includes.h">
      <Filter>src\UGE\events</Filter>
    </ClInclude>
    <ClInclude Include="src\platform\windows\WindowsWindow.h">
      <Filter>src\platform\windows</Filter>
    </ClInclude>
    <ClInclude Include="src\ugepch.h">
      <Filter>src</Filter>
    </ClInclude>
    <ClInclude Include="vendor\spdlog\include\spdlog\async_logger.h">
      <Filter>vendor\spdlog\include\spdlog</Filter>
    </ClInclude>
    <ClInclude Include="vendor\spdlog\include\spdlog\common.h">
      <Filter>vendor\spdlog\include\spdlog</Filter>
    </ClInclude>
    <ClInclude Include="vendor\spdlog\include\spdlog\contrib\sinks\step_file_sink.h">
      <Filter>vendor\spdlog\include\spdlog\contrib\sinks</Filter>
    </ClInclude>
    <ClInclude Include="vendor\spdlog\include\spdlog\details\async_log_helper.h">
      <Filter>vendor\spdlog\include\spdlog\details</Filter>
    </ClInclude>
    <ClInclude Include="vendor\spdlog\include\spdlog\details\async_logger_impl.h">
      <Filter>vendor\spdlog\include\spdlog\details</Filter>
    </ClInclude>
    <ClInclude Include="vendor\spdlog\include\spdlog\details\file_helper.h">
      <Filter>vendor\spdlog\include\spdlog\details</Filter>
    </ClInclude>
    <ClInclude Include="vendor\spdlog\include\spdlog\details\log_msg.h">
      <Filter>vendor\spdlog\include\spdlog\details</Filter>
    </ClInclude>
    <ClInclude Include="vendor\spdlog\include\spdlog\details\logger_impl.h">
      <Filter>vendor\spdlog\include\spdlog\details</Filter>
    </ClInclude>
    <ClInclude Include="vendor\spdlog\include\spdlog\details\mpmc_blocking_q.h">
      <Filter>vendor\spdlog\include\spdlog\details</Filter>
    </ClInclude>
    <ClInclude Include="vendor\spdlog\include\spdlog\details\null_mutex.h">
      <Filter>vendor\spdlog\include\spdlog\details</Filter>
    </ClInclude>
    <ClInclude Include="vendor\spdlog\include\spdlog\details\os.h">
      <Filter>vendor\spdlog\include\spdlog\details</Filter>
    </ClInclude>
    <ClInclude Include="vendor\spdlog\include\spdlog\details\pattern_formatter_impl.h">
      <Filter>vendor\spdlog\include\spdlog\details</Filter>
    </ClInclude>
    <ClInclude Include="vendor\spdlog\include\spdlog\details\registry.h">
      <Filter>vendor\spdlog\include\spdlog\details</Filter>
    </ClInclude>
    <ClInclude Include="vendor\spdlog\include\spdlog\details\spdlog_impl.h">
      <Filter>vendor\spdlog\include\spdlog\details</Filter>
    </ClInclude>
    <ClInclude Include="vendor\spdlog\include\spdlog\fmt\bundled\format.h">
      <Filter>vendor\spdlog\include\spdlog\fmt\bundled</Filter>
    </ClInclude>
    <ClInclude Include="vendor\spdlog\include\spdlog\fmt\bundled\ostream.h">
      <Filter>vendor\spdlog\include\spdlog\fmt\bundled</Filter>
    </ClInclude>
    <ClInclude Include="vendor\spdlog\include\spdlog\fmt\bundled\posix.h">
      <Filter>vendor\spdlog\include\spdlog\fmt\bundled</Filter>
    </ClInclude>
    <ClInclude Include="vendor\spdlog\include\spdlog\fmt\bundled\printf.h">
      <Filter>vendor\spdlog\include\spdlog\fmt\bundled</Filter>
    </ClInclude>
    <ClInclude Include="vendor\spdlog\include\spdlog\fmt\bundled\time.h">
      <Filter>vendor\spdlog\include\spdlog\fmt\bundled</Filter>
    </ClInclude>
    <ClInclude Include="vendor\spdlog\include\spdlog\fmt\fmt.h">
      <Filter>vendor\spdlog\include\spdlog\fmt</Filter>
    </ClInclude>
    <ClInclude Include="vendor\spdlog\include\spdlog\fmt\ostr.h">
      <Filter>vendor\spdlog\include\spdlog\fmt</Filter>
    </ClInclude>
    <ClInclude Include="vendor\spdlog\include\spdlog\formatter.h">
      <Filter>vendor\spdlog\include\spdlog</Filter>
    </ClInclude>
    <ClInclude Include="vendor\spdlog\include\spdlog\logger.h">
      <Filter>vendor\spdlog\include\spdlog</Filter>
    </ClInclude>
    <ClInclude Include="vendor\spdlog\include\spdlog\sinks\android_sink.h">
      <Filter>vendor\spdlog\include\spdlog\sinks</Filter>
    </ClInclude>
    <ClInclude Include="vendor\spdlog\include\spdlog\sinks\ansicolor_sink.h">
      <Filter>vendor\spdlog\include\spdlog\sinks</Filter>
    </ClInclude>
    <ClInclude Include="vendor\spdlog\include\spdlog\sinks\base_sink.h">
      <Filter>vendor\spdlog\include\spdlog\sinks</Filter>
    </ClInclude>
    <ClInclude Include="vendor\spdlog\include\spdlog\sinks\dist_sink.h">
      <Filter>vendor\spdlog\include\spdlog\sinks</Filter>
    </ClInclude>
    <ClInclude Include="vendor\spdlog\include\spdlog\sinks\file_sinks.h">
      <Filter>vendor\spdlog\include\spdlog\sinks</Filter>
    </ClInclude>
    <ClInclude Include="vendor\spdlog\include\spdlog\sinks\msvc_sink.h">
      <Filter>vendor\spdlog\include\spdlog\sinks</Filter>
    </ClInclude>
    <ClInclude Include="vendor\spdlog\include\spdlog\sinks\null_sink.h">
      <Filter>vendor\spdlog\include\spdlog\sinks</Filter>
    </ClInclude>
    <ClInclude Include="vendor\spdlog\include\spdlog\sinks\ostream_sink.h">
      <Filter>vendor\spdlog\include\spdlog\sinks</Filter>
    </ClInclude>
    <ClInclude Include="vendor\spdlog\include\spdlog\sinks\sink.h">
      <Filter>vendor\spdlog\include\spdlog\sinks</Filter>
    </ClInclude>
    <ClInclude Include="vendor\spdlog\include\spdlog\sinks\stdout_sinks.h">
      <Filter>vendor\spdlog\include\spdlog\sinks</Filter>
    </ClInclude>
    <ClInclude Include="vendor\spdlog\include\spdlog\sinks\syslog_sink.h">
      <Filter>vendor\spdlog\include\spdlog\sinks</Filter>
    </ClInclude>
    <ClInclude Include="vendor\spdlog\include\spdlog\sinks\wincolor_sink.h">
      <Filter>vendor\spdlog\include\spdlog\sinks</Filter>
    </ClInclude>
    <ClInclude Include="vendor\spdlog\include\spdlog\sinks\windebug_sink.h">
      <Filter>vendor\spdlog\include\spdlog\sinks</Filter>
    </ClInclude>
    <ClInclude Include="vendor\spdlog\include\spdlog\spdlog.h">
      <Filter>vendor\spdlog\include\spdlog</Filter>
    </ClInclude>
    <ClInclude Include="vendor\spdlog\include\spdlog\tweakme.h">
      <Filter>vendor\spdlog\include\spdlog</Filter>
    </ClInclude>
    <ClInclude Include="src\UGE\Layer.h" />
    <ClInclude Include="src\UGE\LayersStack.h" />
  </ItemGroup>
  <ItemGroup>
    <ClCompile Include="src\UGE\Application.cpp">
      <Filter>src\UGE</Filter>
    </ClCompile>
    <ClCompile Include="src\UGE\Log.cpp">
      <Filter>src\UGE</Filter>
    </ClCompile>
    <ClCompile Include="src\platform\windows\WindowsWindow.cpp">
      <Filter>src\platform\windows</Filter>
    </ClCompile>
    <ClCompile Include="src\ugepch.cpp">
      <Filter>src</Filter>
    </ClCompile>
    <ClCompile Include="src\UGE\Layer.cpp" />
    <ClCompile Include="src\UGE\LayersStack.cpp" />
  </ItemGroup>
</Project>