<?xml version="1.0" encoding="utf-8"?>
<Project ToolsVersion="4.0" xmlns="http://schemas.microsoft.com/developer/msbuild/2003">
  <ItemGroup>
    <Filter Include="UGE">
      <UniqueIdentifier>{E625880B-522F-887C-DBAA-9E7C47B3937C}</UniqueIdentifier>
    </Filter>
    <Filter Include="UGE\events">
      <UniqueIdentifier>{2A878C9F-163F-CEEC-7F46-A7486B1D69DD}</UniqueIdentifier>
    </Filter>
  </ItemGroup>
  <ItemGroup>
    <ClInclude Include="src\UGE.h" />
    <ClInclude Include="src\UGE\Application.h">
      <Filter>UGE</Filter>
    </ClInclude>
    <ClInclude Include="src\UGE\Core.h">
      <Filter>UGE</Filter>
    </ClInclude>
    <ClInclude Include="src\UGE\EntryPoint.h">
      <Filter>UGE</Filter>
    </ClInclude>
    <ClInclude Include="src\UGE\Log.h">
      <Filter>UGE</Filter>
    </ClInclude>
    <ClInclude Include="src\UGE\events\ApplicationEvents.h">
      <Filter>UGE\events</Filter>
    </ClInclude>
    <ClInclude Include="src\UGE\events\Event.h">
      <Filter>UGE\events</Filter>
    </ClInclude>
    <ClInclude Include="src\UGE\events\KeyEvents.h">
      <Filter>UGE\events</Filter>
    </ClInclude>
    <ClInclude Include="src\UGE\events\MouseEvents.h">
      <Filter>UGE\events</Filter>
    </ClInclude>
    <ClInclude Include="src\UGE\events\WindowEvents.h">
      <Filter>UGE\events</Filter>
    </ClInclude>
  </ItemGroup>
  <ItemGroup>
    <ClCompile Include="src\UGE\Application.cpp">
      <Filter>UGE</Filter>
    </ClCompile>
    <ClCompile Include="src\UGE\Log.cpp">
      <Filter>UGE</Filter>
    </ClCompile>
    <ClCompile Include="src\UGE\events\compiletest.cpp" />
  </ItemGroup>
</Project>